<?xml version="1.0" encoding="utf-8"?>
<Project ToolsVersion="4.0" xmlns="http://schemas.microsoft.com/developer/msbuild/2003">
  <ItemGroup>
    <Filter Include="源文件">
      <UniqueIdentifier>{4FC737F1-C7A5-4376-A066-2A32D752A2FF}</UniqueIdentifier>
      <Extensions>cpp;c;cc;cxx;def;odl;idl;hpj;bat;asm;asmx</Extensions>
    </Filter>
    <Filter Include="头文件">
      <UniqueIdentifier>{93995380-89BD-4b04-88EB-625FBE52EBFB}</UniqueIdentifier>
      <Extensions>h;hpp;hxx;hm;inl;inc;xsd</Extensions>
    </Filter>
    <Filter Include="资源文件">
      <UniqueIdentifier>{67DA6AB6-F800-4c08-8B7A-83BB121AAD01}</UniqueIdentifier>
      <Extensions>rc;ico;cur;bmp;dlg;rc2;rct;bin;rgs;gif;jpg;jpeg;jpe;resx;tiff;tif;png;wav</Extensions>
    </Filter>
  </ItemGroup>
  <ItemGroup>
    <ClCompile Include="BasicSearch.cpp">
      <Filter>源文件</Filter>
    </ClCompile>
    <ClCompile Include="DesktopSearch.cpp">
      <Filter>源文件</Filter>
    </ClCompile>
    <ClCompile Include="DirBasicInfoMap.cpp">
      <Filter>源文件</Filter>
    </ClCompile>
    <ClCompile Include="DirFilterList.cpp">
      <Filter>源文件</Filter>
    </ClCompile>
    <ClCompile Include="ExtArray.cpp">
      <Filter>源文件</Filter>
    </ClCompile>
    <ClCompile Include="FilterCtrl.cpp">
      <Filter>源文件</Filter>
    </ClCompile>
    <ClCompile Include="Index.cpp">
      <Filter>源文件</Filter>
    </ClCompile>
    <ClCompile Include="MemoryMgr.cpp">
      <Filter>源文件</Filter>
    </ClCompile>
    <ClCompile Include="MemoryPool.cpp">
      <Filter>源文件</Filter>
    </ClCompile>
    <ClCompile Include="NameSort.cpp">
      <Filter>源文件</Filter>
    </ClCompile>
    <ClCompile Include="ntfs.cpp">
      <Filter>源文件</Filter>
    </ClCompile>
  </ItemGroup>
  <ItemGroup>
    <ClInclude Include="DirBasicInfoMap.h">
      <Filter>头文件</Filter>
    </ClInclude>
    <ClInclude Include="DirFilterList.h">
      <Filter>头文件</Filter>
    </ClInclude>
    <ClInclude Include="ExtArray.h">
      <Filter>头文件</Filter>
    </ClInclude>
    <ClInclude Include="FilterCtrl.h">
      <Filter>头文件</Filter>
    </ClInclude>
    <ClInclude Include="global.h">
      <Filter>头文件</Filter>
    </ClInclude>
    <ClInclude Include="Helper.h">
      <Filter>头文件</Filter>
    </ClInclude>
    <ClInclude Include="Index.h">
      <Filter>头文件</Filter>
    </ClInclude>
    <ClInclude Include="IndexNodeBlock.h">
      <Filter>头文件</Filter>
    </ClInclude>
    <ClInclude Include="Lock.h">
      <Filter>头文件</Filter>
    </ClInclude>
    <ClInclude Include="MemoryMgr.h">
      <Filter>头文件</Filter>
    </ClInclude>
    <ClInclude Include="MemoryPool.h">
      <Filter>头文件</Filter>
    </ClInclude>
    <ClInclude Include="NameSort.h">
      <Filter>头文件</Filter>
    </ClInclude>
    <ClInclude Include="ntfs.h">
      <Filter>头文件</Filter>
    </ClInclude>
    <ClInclude Include="OutVector.h">
      <Filter>头文件</Filter>
    </ClInclude>
    <ClInclude Include="queue.h">
      <Filter>头文件</Filter>
    </ClInclude>
    <ClInclude Include="Record.h">
      <Filter>头文件</Filter>
    </ClInclude>
    <ClInclude Include="resource.h">
      <Filter>头文件</Filter>
    </ClInclude>
    <ClInclude Include="shell.h">
      <Filter>头文件</Filter>
    </ClInclude>
    <ClInclude Include="StrMatch.h">
      <Filter>头文件</Filter>
    </ClInclude>
    <ClInclude Include="WriteMgr.h">
      <Filter>头文件</Filter>
    </ClInclude>
  </ItemGroup>
  <ItemGroup>
    <ResourceCompile Include="DesktopSearch.rc">
      <Filter>资源文件</Filter>
    </ResourceCompile>
  </ItemGroup>
  <ItemGroup>
    <None Include="zi_sort.dat">
      <Filter>资源文件</Filter>
    </None>
  </ItemGroup>
</Project>